github.com/HugoBlox/hugo-blox-builder/modules/blox-bootstrap/v5 v5.9.8-0.20240513194541-c2e9a799f797 h1:4a7ZjpIpfy5m+gK+s7cfWjTI5zJMTO90+Sel5XbWuMw=
github.com/HugoBlox/hugo-blox-builder/modules/blox-bootstrap/v5 v5.9.8-0.20240513194541-c2e9a799f797/go.mod h1:xZiTEEurbEwj/NhZohozvlyLCGVCT2wARHDAJeqKG/c=
github.com/HugoBlox/hugo-blox-builder/modules/blox-bootstrap/v5 v5.9.8-0.20241016214324-2eaf5f6849fc h1:6p9Vh1hX+vCPkMOAMusnd1n0yucfuXfKpwgrhcUvDYA=
github.com/HugoBlox/hugo-blox-builder/modules/blox-bootstrap/v5 v5.9.8-0.20241016214324-2eaf5f6849fc/go.mod h1:+Itucnia7M8NWxaEys257x/34K4+POiBlR1yYCTrzBM=
github.com/HugoBlox/hugo-blox-builder/modules/blox-core v0.3.1 h1:6GsVeNtYhzl14LLJRFRV1AonKGq8ZAduep/uiK5oEF4=
github.com/HugoBlox/hugo-blox-builder/modules/blox-core v0.3.1/go.mod h1:So8+V2U+TNxlXmcpZfdDX0muLh3PdJ7z92h30sv3bZg=
github.com/HugoBlox/hugo-blox-builder/modules/blox-plugin-netlify v1.1.2-0.20240513194541-c2e9a799f797 h1:sqf0QCVjz9NpcrbDNwmSawjdfArJFpqMk2WW4z/XK5E=
github.com/HugoBlox/hugo-blox-builder/modules/blox-plugin-netlify v1.1.2-0.20240513194541-c2e9a799f797/go.mod h1:C7jfxMLv1bEUqbM9XDSmEpfOpS8w06OgqNDEcbuRgL4=
github.com/HugoBlox/hugo-blox-builder/modules/blox-plugin-reveal v1.1.3-0.20240513194541-c2e9a799f797 h1:Z17zyxWiH1qFdlNPryJtfRnKmikUeenEie1oseHFrpY=
github.com/HugoBlox/hugo-blox-builder/modules/blox-plugin-reveal v1.1.3-0.20240513194541-c2e9a799f797/go.mod h1:F7quX1aEkV2pToTpmDBXOSTkytAnCKkqv/JFLclqa2g=
github.com/HugoBlox/hugo-blox-builder/modules/blox-plugin-reveal v1.1.3-0.20241016214324-2eaf5f6849fc h1:0yMOxZgmrGqHKpUjLLxH3thJctZuFyGrYGbnuSdYbfQ=
github.com/HugoBlox/hugo-blox-builder/modules/blox-plugin-reveal v1.1.3-0.20241016214324-2eaf5f6849fc/go.mod h1:F7quX1aEkV2pToTpmDBXOSTkytAnCKkqv/JFLclqa2g=
github.com/HugoBlox/hugo-blox-builder/modules/blox-seo v0.2.2/go.mod h1:NsESu6cEms1DgH84icCyylElg2Zu8A0f7Fma5JR0LZE=
github.com/HugoBlox/hugo-blox-builder/modules/blox-seo v0.2.3 h1:pg2uBp1kvNmhy+OmhjWnbPYU6diIcn8m8h3bzf82j8k=
github.com/HugoBlox/hugo-blox-builder/modules/blox-seo v0.2.3/go.mod h1:NsESu6cEms1DgH84icCyylElg2Zu8A0f7Fma5JR0LZE=
github.com/wowchemy/wowchemy-hugo-modules/v5 v5.3.0/go.mod h1:akNBhhT0UAOXSREplKkLe2wyHeo51qm6f+vqNkQkcmE=
github.com/wowchemy/wowchemy-hugo-modules/wowchemy-cms/v5 v5.0.0-20210629192904-559885af86b7/go.mod h1:Sp/AKo+2HAPi/IPHp1MEdKPmee+mzO5+efUBUPLPqPE=
github.com/wowchemy/wowchemy-hugo-modules/wowchemy/v5 v5.0.0-20210629192904-559885af86b7/go.mod h1:2iL9rdrUYyJXX2BeHKfK+QbqZlubCsaR60nQ87NRQTY=
